
Microsoft Visual Studio Solution File, Format Version 12.00
# Visual Studio 2013
VisualStudioVersion = 12.0.30501.0
MinimumVisualStudioVersion = 10.0.40219.1
Project("{FAE04EC0-301F-11D3-BF4B-00C04F79EFBC}") = "TheFactory.Datastore", "TheFactory.Datastore.csproj", "{7B0B8E22-7BA3-4882-A445-BB8F96B6578E}"
EndProject
Project("{FAE04EC0-301F-11D3-BF4B-00C04F79EFBC}") = "TheFactory.DatastoreTests.iOS", "..\TheFactory.DatastoreTests\TheFactory.DatastoreTests.iOS.csproj", "{D7C5315D-678C-46FB-AB15-E053E2A8EB1D}"
EndProject
Project("{FAE04EC0-301F-11D3-BF4B-00C04F79EFBC}") = "TheFactory.Snappy", "..\..\..\TheFactory.Snappy\TheFactory.Snappy\TheFactory.Snappy.csproj", "{8C2CA69C-CFF2-4781-8800-2F08F5056893}"
EndProject
Global
	GlobalSection(SolutionConfigurationPlatforms) = preSolution
		Ad-Hoc|Any CPU = Ad-Hoc|Any CPU
		Ad-Hoc|iPhone = Ad-Hoc|iPhone
		Ad-Hoc|iPhoneSimulator = Ad-Hoc|iPhoneSimulator
		AppStore|Any CPU = AppStore|Any CPU
		AppStore|iPhone = AppStore|iPhone
		AppStore|iPhoneSimulator = AppStore|iPhoneSimulator
		Debug|Any CPU = Debug|Any CPU
		Debug|iPhone = Debug|iPhone
		Debug|iPhoneSimulator = Debug|iPhoneSimulator
		Release|Any CPU = Release|Any CPU
		Release|iPhone = Release|iPhone
		Release|iPhoneSimulator = Release|iPhoneSimulator
	EndGlobalSection
	GlobalSection(ProjectConfigurationPlatforms) = postSolution
		{7B0B8E22-7BA3-4882-A445-BB8F96B6578E}.Ad-Hoc|Any CPU.ActiveCfg = Release|Any CPU
		{7B0B8E22-7BA3-4882-A445-BB8F96B6578E}.Ad-Hoc|Any CPU.Build.0 = Release|Any CPU
		{7B0B8E22-7BA3-4882-A445-BB8F96B6578E}.Ad-Hoc|iPhone.ActiveCfg = Debug|Any CPU
		{7B0B8E22-7BA3-4882-A445-BB8F96B6578E}.Ad-Hoc|iPhone.Build.0 = Debug|Any CPU
		{7B0B8E22-7BA3-4882-A445-BB8F96B6578E}.Ad-Hoc|iPhoneSimulator.ActiveCfg = Release|Any CPU
		{7B0B8E22-7BA3-4882-A445-BB8F96B6578E}.AppStore|Any CPU.ActiveCfg = Release|Any CPU
		{7B0B8E22-7BA3-4882-A445-BB8F96B6578E}.AppStore|Any CPU.Build.0 = Release|Any CPU
		{7B0B8E22-7BA3-4882-A445-BB8F96B6578E}.AppStore|iPhone.ActiveCfg = Debug|Any CPU
		{7B0B8E22-7BA3-4882-A445-BB8F96B6578E}.AppStore|iPhone.Build.0 = Debug|Any CPU
		{7B0B8E22-7BA3-4882-A445-BB8F96B6578E}.AppStore|iPhoneSimulator.ActiveCfg = Release|Any CPU
		{7B0B8E22-7BA3-4882-A445-BB8F96B6578E}.Debug|Any CPU.ActiveCfg = Debug|Any CPU
		{7B0B8E22-7BA3-4882-A445-BB8F96B6578E}.Debug|Any CPU.Build.0 = Debug|Any CPU
		{7B0B8E22-7BA3-4882-A445-BB8F96B6578E}.Debug|iPhone.ActiveCfg = Debug|Any CPU
		{7B0B8E22-7BA3-4882-A445-BB8F96B6578E}.Debug|iPhone.Build.0 = Debug|Any CPU
		{7B0B8E22-7BA3-4882-A445-BB8F96B6578E}.Debug|iPhoneSimulator.ActiveCfg = Debug|Any CPU
		{7B0B8E22-7BA3-4882-A445-BB8F96B6578E}.Debug|iPhoneSimulator.Build.0 = Debug|Any CPU
		{7B0B8E22-7BA3-4882-A445-BB8F96B6578E}.Release|Any CPU.ActiveCfg = Release|Any CPU
		{7B0B8E22-7BA3-4882-A445-BB8F96B6578E}.Release|Any CPU.Build.0 = Release|Any CPU
		{7B0B8E22-7BA3-4882-A445-BB8F96B6578E}.Release|iPhone.ActiveCfg = Release|Any CPU
		{7B0B8E22-7BA3-4882-A445-BB8F96B6578E}.Release|iPhone.Build.0 = Release|Any CPU
		{7B0B8E22-7BA3-4882-A445-BB8F96B6578E}.Release|iPhoneSimulator.ActiveCfg = Release|Any CPU
		{7B0B8E22-7BA3-4882-A445-BB8F96B6578E}.Release|iPhoneSimulator.Build.0 = Release|Any CPU
		{D7C5315D-678C-46FB-AB15-E053E2A8EB1D}.Ad-Hoc|Any CPU.ActiveCfg = Ad-Hoc|iPhoneSimulator
		{D7C5315D-678C-46FB-AB15-E053E2A8EB1D}.Ad-Hoc|iPhone.ActiveCfg = Ad-Hoc|iPhone
		{D7C5315D-678C-46FB-AB15-E053E2A8EB1D}.Ad-Hoc|iPhone.Build.0 = Ad-Hoc|iPhone
		{D7C5315D-678C-46FB-AB15-E053E2A8EB1D}.Ad-Hoc|iPhoneSimulator.ActiveCfg = Ad-Hoc|iPhoneSimulator
		{D7C5315D-678C-46FB-AB15-E053E2A8EB1D}.Ad-Hoc|iPhoneSimulator.Build.0 = Ad-Hoc|iPhoneSimulator
		{D7C5315D-678C-46FB-AB15-E053E2A8EB1D}.Ad-Hoc|iPhoneSimulator.Deploy.0 = Ad-Hoc|iPhoneSimulator
		{D7C5315D-678C-46FB-AB15-E053E2A8EB1D}.AppStore|Any CPU.ActiveCfg = AppStore|iPhoneSimulator
		{D7C5315D-678C-46FB-AB15-E053E2A8EB1D}.AppStore|iPhone.ActiveCfg = AppStore|iPhone
		{D7C5315D-678C-46FB-AB15-E053E2A8EB1D}.AppStore|iPhone.Build.0 = AppStore|iPhone
		{D7C5315D-678C-46FB-AB15-E053E2A8EB1D}.AppStore|iPhoneSimulator.ActiveCfg = AppStore|iPhoneSimulator
		{D7C5315D-678C-46FB-AB15-E053E2A8EB1D}.AppStore|iPhoneSimulator.Build.0 = AppStore|iPhoneSimulator
		{D7C5315D-678C-46FB-AB15-E053E2A8EB1D}.AppStore|iPhoneSimulator.Deploy.0 = AppStore|iPhoneSimulator
		{D7C5315D-678C-46FB-AB15-E053E2A8EB1D}.Debug|Any CPU.ActiveCfg = Debug|iPhoneSimulator
		{D7C5315D-678C-46FB-AB15-E053E2A8EB1D}.Debug|Any CPU.Build.0 = Debug|iPhoneSimulator
		{D7C5315D-678C-46FB-AB15-E053E2A8EB1D}.Debug|iPhone.ActiveCfg = Debug|iPhone
		{D7C5315D-678C-46FB-AB15-E053E2A8EB1D}.Debug|iPhone.Build.0 = Debug|iPhone
		{D7C5315D-678C-46FB-AB15-E053E2A8EB1D}.Debug|iPhoneSimulator.ActiveCfg = Debug|iPhoneSimulator
		{D7C5315D-678C-46FB-AB15-E053E2A8EB1D}.Debug|iPhoneSimulator.Build.0 = Debug|iPhoneSimulator
		{D7C5315D-678C-46FB-AB15-E053E2A8EB1D}.Release|Any CPU.ActiveCfg = Release|iPhoneSimulator
		{D7C5315D-678C-46FB-AB15-E053E2A8EB1D}.Release|Any CPU.Build.0 = Release|iPhoneSimulator
		{D7C5315D-678C-46FB-AB15-E053E2A8EB1D}.Release|iPhone.ActiveCfg = Release|iPhone
		{D7C5315D-678C-46FB-AB15-E053E2A8EB1D}.Release|iPhone.Build.0 = Release|iPhone
		{D7C5315D-678C-46FB-AB15-E053E2A8EB1D}.Release|iPhoneSimulator.ActiveCfg = Release|iPhoneSimulator
		{D7C5315D-678C-46FB-AB15-E053E2A8EB1D}.Release|iPhoneSimulator.Build.0 = Release|iPhoneSimulator
		{8C2CA69C-CFF2-4781-8800-2F08F5056893}.Ad-Hoc|Any CPU.ActiveCfg = Debug|Any CPU
		{8C2CA69C-CFF2-4781-8800-2F08F5056893}.Ad-Hoc|Any CPU.Build.0 = Debug|Any CPU
		{8C2CA69C-CFF2-4781-8800-2F08F5056893}.Ad-Hoc|iPhone.ActiveCfg = Release|Any CPU
		{8C2CA69C-CFF2-4781-8800-2F08F5056893}.Ad-Hoc|iPhone.Build.0 = Release|Any CPU
		{8C2CA69C-CFF2-4781-8800-2F08F5056893}.Ad-Hoc|iPhoneSimulator.ActiveCfg = Debug|Any CPU
		{8C2CA69C-CFF2-4781-8800-2F08F5056893}.AppStore|Any CPU.ActiveCfg = Debug|Any CPU
		{8C2CA69C-CFF2-4781-8800-2F08F5056893}.AppStore|Any CPU.Build.0 = Debug|Any CPU
		{8C2CA69C-CFF2-4781-8800-2F08F5056893}.AppStore|iPhone.ActiveCfg = Release|Any CPU
		{8C2CA69C-CFF2-4781-8800-2F08F5056893}.AppStore|iPhone.Build.0 = Release|Any CPU
		{8C2CA69C-CFF2-4781-8800-2F08F5056893}.AppStore|iPhoneSimulator.ActiveCfg = Debug|Any CPU
		{8C2CA69C-CFF2-4781-8800-2F08F5056893}.Debug|Any CPU.ActiveCfg = Debug|Any CPU
		{8C2CA69C-CFF2-4781-8800-2F08F5056893}.Debug|Any CPU.Build.0 = Debug|Any CPU
		{8C2CA69C-CFF2-4781-8800-2F08F5056893}.Debug|iPhone.ActiveCfg = Debug|Any CPU
		{8C2CA69C-CFF2-4781-8800-2F08F5056893}.Debug|iPhone.Build.0 = Debug|Any CPU
		{8C2CA69C-CFF2-4781-8800-2F08F5056893}.Debug|iPhoneSimulator.ActiveCfg = Debug|Any CPU
		{8C2CA69C-CFF2-4781-8800-2F08F5056893}.Debug|iPhoneSimulator.Build.0 = Debug|Any CPU
		{8C2CA69C-CFF2-4781-8800-2F08F5056893}.Release|Any CPU.ActiveCfg = Release|Any CPU
		{8C2CA69C-CFF2-4781-8800-2F08F5056893}.Release|Any CPU.Build.0 = Release|Any CPU
		{8C2CA69C-CFF2-4781-8800-2F08F5056893}.Release|iPhone.ActiveCfg = Release|Any CPU
		{8C2CA69C-CFF2-4781-8800-2F08F5056893}.Release|iPhone.Build.0 = Release|Any CPU
		{8C2CA69C-CFF2-4781-8800-2F08F5056893}.Release|iPhoneSimulator.ActiveCfg = Release|Any CPU
		{8C2CA69C-CFF2-4781-8800-2F08F5056893}.Release|iPhoneSimulator.Build.0 = Release|Any CPU
	EndGlobalSection
	GlobalSection(SolutionProperties) = preSolution
		HideSolutionNode = FALSE
	EndGlobalSection
	GlobalSection(MonoDevelopProperties) = preSolution
		StartupItem = ..\TheFactory.DatastoreTests\TheFactory.DatastoreTests.csproj
	EndGlobalSection
EndGlobal
